
Microsoft Visual Studio Solution File, Format Version 12.00
# Visual Studio Version 16
VisualStudioVersion = 16.0.30907.101
MinimumVisualStudioVersion = 10.0.40219.1
Project("{FAE04EC0-301F-11D3-BF4B-00C04F79EFBC}") = "Klavye kontrol", "Klavye kontrol\Klavye kontrol.csproj", "{378D78AC-C95F-43C7-BC5A-3CE09FB8C0DC}"
EndProject
Global
	GlobalSection(SolutionConfigurationPlatforms) = preSolution
		Debug|Any CPU = Debug|Any CPU
		Release|Any CPU = Release|Any CPU
	EndGlobalSection
	GlobalSection(ProjectConfigurationPlatforms) = postSolution
		{378D78AC-C95F-43C7-BC5A-3CE09FB8C0DC}.Debug|Any CPU.ActiveCfg = Debug|Any CPU
		{378D78AC-C95F-43C7-BC5A-3CE09FB8C0DC}.Debug|Any CPU.Build.0 = Debug|Any CPU
		{378D78AC-C95F-43C7-BC5A-3CE09FB8C0DC}.Release|Any CPU.ActiveCfg = Release|Any CPU
		{378D78AC-C95F-43C7-BC5A-3CE09FB8C0DC}.Release|Any CPU.Build.0 = Release|Any CPU
	EndGlobalSection
	GlobalSection(SolutionProperties) = preSolution
		HideSolutionNode = FALSE
	EndGlobalSection
	GlobalSection(ExtensibilityGlobals) = postSolution
		SolutionGuid = {EF3329F0-13B7-4744-956B-71AAC97E7F72}
	EndGlobalSection
EndGlobal
